
Microsoft Visual Studio Solution File, Format Version 12.00
# Visual Studio Version 17
VisualStudioVersion = 17.6.33829.357
MinimumVisualStudioVersion = 10.0.40219.1
Project("{FAE04EC0-301F-11D3-BF4B-00C04F79EFBC}") = "TG_7.0", "TG_7.0\TG_7.0.csproj", "{3E69C34B-ECA8-4BA0-A18D-4736237351FF}"
EndProject
Global
	GlobalSection(SolutionConfigurationPlatforms) = preSolution
		Debug|Any CPU = Debug|Any CPU
		Release|Any CPU = Release|Any CPU
	EndGlobalSection
	GlobalSection(ProjectConfigurationPlatforms) = postSolution
		{3E69C34B-ECA8-4BA0-A18D-4736237351FF}.Debug|Any CPU.ActiveCfg = Debug|Any CPU
		{3E69C34B-ECA8-4BA0-A18D-4736237351FF}.Debug|Any CPU.Build.0 = Debug|Any CPU
		{3E69C34B-ECA8-4BA0-A18D-4736237351FF}.Release|Any CPU.ActiveCfg = Release|Any CPU
		{3E69C34B-ECA8-4BA0-A18D-4736237351FF}.Release|Any CPU.Build.0 = Release|Any CPU
	EndGlobalSection
	GlobalSection(SolutionProperties) = preSolution
		HideSolutionNode = FALSE
	EndGlobalSection
	GlobalSection(ExtensibilityGlobals) = postSolution
		SolutionGuid = {72991291-1645-4395-B8E9-4E6BCBBF57BD}
	EndGlobalSection
EndGlobal
